
Microsoft Visual Studio Solution File, Format Version 12.00
# Visual Studio Version 17
VisualStudioVersion = 17.0.31903.59
MinimumVisualStudioVersion = 10.0.40219.1
Project("{2150E333-8FDC-42A3-9474-1A3956D46DE8}") = "src", "src", "{91347C94-E985-445E-893B-B1F617E73AB2}"
EndProject
Project("{2150E333-8FDC-42A3-9474-1A3956D46DE8}") = "test", "test", "{BA5164D5-0F9A-4517-9711-DC5F33FA0D87}"
EndProject
Project("{2150E333-8FDC-42A3-9474-1A3956D46DE8}") = "API", "API", "{1910228E-7A87-420E-8993-7EEAC6ACA6C9}"
EndProject
Project("{2150E333-8FDC-42A3-9474-1A3956D46DE8}") = "Core", "Core", "{AFFABC94-0617-4AB6-AEA0-DE91B6E8EF73}"
EndProject
Project("{2150E333-8FDC-42A3-9474-1A3956D46DE8}") = "Infrastructure", "Infrastructure", "{3FC794BE-8DC2-411E-A7F3-83DDADEB96E9}"
EndProject
Project("{FAE04EC0-301F-11D3-BF4B-00C04F79EFBC}") = "HRMS.API", "HRMS.API\HRMS.API.csproj", "{7D0E6709-F36E-4884-B45A-DBFE014028E4}"
EndProject
Project("{FAE04EC0-301F-11D3-BF4B-00C04F79EFBC}") = "HRMS.Application", "HRMS.Application\HRMS.Application.csproj", "{A981B987-2D7E-4089-87A9-2F98D67A54D3}"
EndProject
Project("{FAE04EC0-301F-11D3-BF4B-00C04F79EFBC}") = "HRMS.Domain", "HRMS.Domain\HRMS.Domain.csproj", "{F9D99CBE-BCAF-4C51-BFA6-09DB847341FC}"
EndProject
Project("{FAE04EC0-301F-11D3-BF4B-00C04F79EFBC}") = "HRMS.Infrastructure", "HRMS.Infrastructure\HRMS.Infrastructure.csproj", "{91FA0F65-965A-4B89-9E4F-670B28AB0B15}"
EndProject
Project("{FAE04EC0-301F-11D3-BF4B-00C04F79EFBC}") = "HRMS.Persistence", "HRMS.Persistence\HRMS.Persistence.csproj", "{4D93A6AE-C0FE-4265-A422-0E399843A951}"
EndProject
Global
	GlobalSection(SolutionConfigurationPlatforms) = preSolution
		Debug|Any CPU = Debug|Any CPU
		Release|Any CPU = Release|Any CPU
	EndGlobalSection
	GlobalSection(ProjectConfigurationPlatforms) = postSolution
		{7D0E6709-F36E-4884-B45A-DBFE014028E4}.Debug|Any CPU.ActiveCfg = Debug|Any CPU
		{7D0E6709-F36E-4884-B45A-DBFE014028E4}.Debug|Any CPU.Build.0 = Debug|Any CPU
		{7D0E6709-F36E-4884-B45A-DBFE014028E4}.Release|Any CPU.ActiveCfg = Release|Any CPU
		{7D0E6709-F36E-4884-B45A-DBFE014028E4}.Release|Any CPU.Build.0 = Release|Any CPU
		{A981B987-2D7E-4089-87A9-2F98D67A54D3}.Debug|Any CPU.ActiveCfg = Debug|Any CPU
		{A981B987-2D7E-4089-87A9-2F98D67A54D3}.Debug|Any CPU.Build.0 = Debug|Any CPU
		{A981B987-2D7E-4089-87A9-2F98D67A54D3}.Release|Any CPU.ActiveCfg = Release|Any CPU
		{A981B987-2D7E-4089-87A9-2F98D67A54D3}.Release|Any CPU.Build.0 = Release|Any CPU
		{F9D99CBE-BCAF-4C51-BFA6-09DB847341FC}.Debug|Any CPU.ActiveCfg = Debug|Any CPU
		{F9D99CBE-BCAF-4C51-BFA6-09DB847341FC}.Debug|Any CPU.Build.0 = Debug|Any CPU
		{F9D99CBE-BCAF-4C51-BFA6-09DB847341FC}.Release|Any CPU.ActiveCfg = Release|Any CPU
		{F9D99CBE-BCAF-4C51-BFA6-09DB847341FC}.Release|Any CPU.Build.0 = Release|Any CPU
		{91FA0F65-965A-4B89-9E4F-670B28AB0B15}.Debug|Any CPU.ActiveCfg = Debug|Any CPU
		{91FA0F65-965A-4B89-9E4F-670B28AB0B15}.Debug|Any CPU.Build.0 = Debug|Any CPU
		{91FA0F65-965A-4B89-9E4F-670B28AB0B15}.Release|Any CPU.ActiveCfg = Release|Any CPU
		{91FA0F65-965A-4B89-9E4F-670B28AB0B15}.Release|Any CPU.Build.0 = Release|Any CPU
		{4D93A6AE-C0FE-4265-A422-0E399843A951}.Debug|Any CPU.ActiveCfg = Debug|Any CPU
		{4D93A6AE-C0FE-4265-A422-0E399843A951}.Debug|Any CPU.Build.0 = Debug|Any CPU
		{4D93A6AE-C0FE-4265-A422-0E399843A951}.Release|Any CPU.ActiveCfg = Release|Any CPU
		{4D93A6AE-C0FE-4265-A422-0E399843A951}.Release|Any CPU.Build.0 = Release|Any CPU
	EndGlobalSection
	GlobalSection(SolutionProperties) = preSolution
		HideSolutionNode = FALSE
	EndGlobalSection
	GlobalSection(NestedProjects) = preSolution
		{1910228E-7A87-420E-8993-7EEAC6ACA6C9} = {91347C94-E985-445E-893B-B1F617E73AB2}
		{AFFABC94-0617-4AB6-AEA0-DE91B6E8EF73} = {91347C94-E985-445E-893B-B1F617E73AB2}
		{3FC794BE-8DC2-411E-A7F3-83DDADEB96E9} = {91347C94-E985-445E-893B-B1F617E73AB2}
		{7D0E6709-F36E-4884-B45A-DBFE014028E4} = {1910228E-7A87-420E-8993-7EEAC6ACA6C9}
		{A981B987-2D7E-4089-87A9-2F98D67A54D3} = {AFFABC94-0617-4AB6-AEA0-DE91B6E8EF73}
		{F9D99CBE-BCAF-4C51-BFA6-09DB847341FC} = {AFFABC94-0617-4AB6-AEA0-DE91B6E8EF73}
		{91FA0F65-965A-4B89-9E4F-670B28AB0B15} = {3FC794BE-8DC2-411E-A7F3-83DDADEB96E9}
		{4D93A6AE-C0FE-4265-A422-0E399843A951} = {3FC794BE-8DC2-411E-A7F3-83DDADEB96E9}
	EndGlobalSection
EndGlobal
